
Microsoft Visual Studio Solution File, Format Version 12.00
# Visual Studio Version 17
VisualStudioVersion = 17.12.35514.174
MinimumVisualStudioVersion = 10.0.40219.1
Project("{FAE04EC0-301F-11D3-BF4B-00C04F79EFBC}") = "webWheelOfDeath", "webWheelOfDeath\webWheelOfDeath.csproj", "{906033B7-6204-4522-9FBB-1D6421F1D72D}"
EndProject
Project("{FAE04EC0-301F-11D3-BF4B-00C04F79EFBC}") = "LibWheelOfDeath", "..\LibWheelOfDeathEntity\LibWheelOfDeath.csproj", "{886F4CC3-BB54-4FED-9152-C272FC39B08E}"
EndProject
Project("{FAE04EC0-301F-11D3-BF4B-00C04F79EFBC}") = "ConsoleTester", "..\ConsoleTester\ConsoleTester.csproj", "{5D15F6E8-13CA-40B8-B2C9-7F9942A31E32}"
EndProject
Project("{FAE04EC0-301F-11D3-BF4B-00C04F79EFBC}") = "LibEntity.NetCore", "..\..\..\Shared\LibEntity\LibEntity.NetCore\LibEntity.NetCore.csproj", "{33DDD2EC-CCB0-3FF7-50EE-B94B4F6E5BF0}"
EndProject
Global
	GlobalSection(SolutionConfigurationPlatforms) = preSolution
		Debug|Any CPU = Debug|Any CPU
		Release|Any CPU = Release|Any CPU
	EndGlobalSection
	GlobalSection(ProjectConfigurationPlatforms) = postSolution
		{906033B7-6204-4522-9FBB-1D6421F1D72D}.Debug|Any CPU.ActiveCfg = Debug|Any CPU
		{906033B7-6204-4522-9FBB-1D6421F1D72D}.Debug|Any CPU.Build.0 = Debug|Any CPU
		{906033B7-6204-4522-9FBB-1D6421F1D72D}.Release|Any CPU.ActiveCfg = Release|Any CPU
		{906033B7-6204-4522-9FBB-1D6421F1D72D}.Release|Any CPU.Build.0 = Release|Any CPU
		{886F4CC3-BB54-4FED-9152-C272FC39B08E}.Debug|Any CPU.ActiveCfg = Debug|Any CPU
		{886F4CC3-BB54-4FED-9152-C272FC39B08E}.Debug|Any CPU.Build.0 = Debug|Any CPU
		{886F4CC3-BB54-4FED-9152-C272FC39B08E}.Release|Any CPU.ActiveCfg = Release|Any CPU
		{886F4CC3-BB54-4FED-9152-C272FC39B08E}.Release|Any CPU.Build.0 = Release|Any CPU
		{5D15F6E8-13CA-40B8-B2C9-7F9942A31E32}.Debug|Any CPU.ActiveCfg = Debug|Any CPU
		{5D15F6E8-13CA-40B8-B2C9-7F9942A31E32}.Debug|Any CPU.Build.0 = Debug|Any CPU
		{5D15F6E8-13CA-40B8-B2C9-7F9942A31E32}.Release|Any CPU.ActiveCfg = Release|Any CPU
		{5D15F6E8-13CA-40B8-B2C9-7F9942A31E32}.Release|Any CPU.Build.0 = Release|Any CPU
		{33DDD2EC-CCB0-3FF7-50EE-B94B4F6E5BF0}.Debug|Any CPU.ActiveCfg = Debug|Any CPU
		{33DDD2EC-CCB0-3FF7-50EE-B94B4F6E5BF0}.Debug|Any CPU.Build.0 = Debug|Any CPU
		{33DDD2EC-CCB0-3FF7-50EE-B94B4F6E5BF0}.Release|Any CPU.ActiveCfg = Release|Any CPU
		{33DDD2EC-CCB0-3FF7-50EE-B94B4F6E5BF0}.Release|Any CPU.Build.0 = Release|Any CPU
	EndGlobalSection
	GlobalSection(SolutionProperties) = preSolution
		HideSolutionNode = FALSE
	EndGlobalSection
EndGlobal
